
Microsoft Visual Studio Solution File, Format Version 12.00
# Visual Studio Version 16
VisualStudioVersion = 16.0.31729.503
MinimumVisualStudioVersion = 10.0.40219.1
Project("{FAE04EC0-301F-11D3-BF4B-00C04F79EFBC}") = "FunnyApiWeb", "FunnyApiWeb\FunnyApiWeb.csproj", "{2B1E679E-8147-45B7-AB14-33B13CFD5906}"
EndProject
Global
	GlobalSection(SolutionConfigurationPlatforms) = preSolution
		Debug|Any CPU = Debug|Any CPU
		Release|Any CPU = Release|Any CPU
	EndGlobalSection
	GlobalSection(ProjectConfigurationPlatforms) = postSolution
		{2B1E679E-8147-45B7-AB14-33B13CFD5906}.Debug|Any CPU.ActiveCfg = Debug|Any CPU
		{2B1E679E-8147-45B7-AB14-33B13CFD5906}.Debug|Any CPU.Build.0 = Debug|Any CPU
		{2B1E679E-8147-45B7-AB14-33B13CFD5906}.Release|Any CPU.ActiveCfg = Release|Any CPU
		{2B1E679E-8147-45B7-AB14-33B13CFD5906}.Release|Any CPU.Build.0 = Release|Any CPU
	EndGlobalSection
	GlobalSection(SolutionProperties) = preSolution
		HideSolutionNode = FALSE
	EndGlobalSection
	GlobalSection(ExtensibilityGlobals) = postSolution
		SolutionGuid = {34D2243F-47AC-4573-89CE-1A09680901D7}
	EndGlobalSection
EndGlobal
